// !$*UTF8*$!
{
	archiveVersion = 1;
	classes = {
	};
	objectVersion = 55;
	objects = {

/* Begin PBXBuildFile section */
		0639A2E627A4008E009EFC83 /* HomeStatusView.swift in Sources */ = {isa = PBXBuildFile; fileRef = 0639A2E527A4008E009EFC83 /* HomeStatusView.swift */; };
		0639A2E827A40FFF009EFC83 /* HomeStat.swift in Sources */ = {isa = PBXBuildFile; fileRef = 0639A2E727A40FFF009EFC83 /* HomeStat.swift */; };
		06C2382E27A0C3D800CF4A13 /* ListTestController.swift in Sources */ = {isa = PBXBuildFile; fileRef = 06C2382D27A0C3D800CF4A13 /* ListTestController.swift */; };
		06C2383027A0C5C100CF4A13 /* ListTestCell.swift in Sources */ = {isa = PBXBuildFile; fileRef = 06C2382F27A0C5C100CF4A13 /* ListTestCell.swift */; };
		06C2383327A0C80200CF4A13 /* Constants.swift in Sources */ = {isa = PBXBuildFile; fileRef = 06C2383227A0C80200CF4A13 /* Constants.swift */; };
		06C2383527A0E85B00CF4A13 /* TestScoreBoard.swift in Sources */ = {isa = PBXBuildFile; fileRef = 06C2383427A0E85B00CF4A13 /* TestScoreBoard.swift */; };
		06C2383827A15B1E00CF4A13 /* Word.swift in Sources */ = {isa = PBXBuildFile; fileRef = 06C2383727A15B1E00CF4A13 /* Word.swift */; };
		06C2383B27A15BD600CF4A13 /* DummyWords.swift in Sources */ = {isa = PBXBuildFile; fileRef = 06C2383A27A15BD600CF4A13 /* DummyWords.swift */; };
		06C2383D27A164D800CF4A13 /* ListTestViewModel.swift in Sources */ = {isa = PBXBuildFile; fileRef = 06C2383C27A164D800CF4A13 /* ListTestViewModel.swift */; };
		06C2383F27A1692100CF4A13 /* ListTestCellViewModel.swift in Sources */ = {isa = PBXBuildFile; fileRef = 06C2383E27A1692100CF4A13 /* ListTestCellViewModel.swift */; };
		06DCEC11279FDC9E000E3255 /* AppDelegate.swift in Sources */ = {isa = PBXBuildFile; fileRef = 06DCEC10279FDC9E000E3255 /* AppDelegate.swift */; };
		06DCEC13279FDC9E000E3255 /* SceneDelegate.swift in Sources */ = {isa = PBXBuildFile; fileRef = 06DCEC12279FDC9E000E3255 /* SceneDelegate.swift */; };
		06DCEC15279FDC9E000E3255 /* HomeController.swift in Sources */ = {isa = PBXBuildFile; fileRef = 06DCEC14279FDC9E000E3255 /* HomeController.swift */; };
		06DCEC18279FDC9E000E3255 /* Main.storyboard in Resources */ = {isa = PBXBuildFile; fileRef = 06DCEC16279FDC9E000E3255 /* Main.storyboard */; };
		06DCEC1A279FDCA0000E3255 /* Assets.xcassets in Resources */ = {isa = PBXBuildFile; fileRef = 06DCEC19279FDCA0000E3255 /* Assets.xcassets */; };
		06DCEC1D279FDCA0000E3255 /* LaunchScreen.storyboard in Resources */ = {isa = PBXBuildFile; fileRef = 06DCEC1B279FDCA0000E3255 /* LaunchScreen.storyboard */; };
/* End PBXBuildFile section */

/* Begin PBXFileReference section */
		0639A2E527A4008E009EFC83 /* HomeStatusView.swift */ = {isa = PBXFileReference; lastKnownFileType = sourcecode.swift; path = HomeStatusView.swift; sourceTree = "<group>"; };
		0639A2E727A40FFF009EFC83 /* HomeStat.swift */ = {isa = PBXFileReference; lastKnownFileType = sourcecode.swift; path = HomeStat.swift; sourceTree = "<group>"; };
		06C2382D27A0C3D800CF4A13 /* ListTestController.swift */ = {isa = PBXFileReference; lastKnownFileType = sourcecode.swift; path = ListTestController.swift; sourceTree = "<group>"; };
		06C2382F27A0C5C100CF4A13 /* ListTestCell.swift */ = {isa = PBXFileReference; lastKnownFileType = sourcecode.swift; path = ListTestCell.swift; sourceTree = "<group>"; };
		06C2383227A0C80200CF4A13 /* Constants.swift */ = {isa = PBXFileReference; lastKnownFileType = sourcecode.swift; path = Constants.swift; sourceTree = "<group>"; };
		06C2383427A0E85B00CF4A13 /* TestScoreBoard.swift */ = {isa = PBXFileReference; lastKnownFileType = sourcecode.swift; path = TestScoreBoard.swift; sourceTree = "<group>"; };
		06C2383727A15B1E00CF4A13 /* Word.swift */ = {isa = PBXFileReference; lastKnownFileType = sourcecode.swift; path = Word.swift; sourceTree = "<group>"; };
		06C2383A27A15BD600CF4A13 /* DummyWords.swift */ = {isa = PBXFileReference; lastKnownFileType = sourcecode.swift; path = DummyWords.swift; sourceTree = "<group>"; };
		06C2383C27A164D800CF4A13 /* ListTestViewModel.swift */ = {isa = PBXFileReference; lastKnownFileType = sourcecode.swift; path = ListTestViewModel.swift; sourceTree = "<group>"; };
		06C2383E27A1692100CF4A13 /* ListTestCellViewModel.swift */ = {isa = PBXFileReference; lastKnownFileType = sourcecode.swift; path = ListTestCellViewModel.swift; sourceTree = "<group>"; };
		06DCEC0D279FDC9E000E3255 /* schedule_words.app */ = {isa = PBXFileReference; explicitFileType = wrapper.application; includeInIndex = 0; path = schedule_words.app; sourceTree = BUILT_PRODUCTS_DIR; };
		06DCEC10279FDC9E000E3255 /* AppDelegate.swift */ = {isa = PBXFileReference; lastKnownFileType = sourcecode.swift; path = AppDelegate.swift; sourceTree = "<group>"; };
		06DCEC12279FDC9E000E3255 /* SceneDelegate.swift */ = {isa = PBXFileReference; lastKnownFileType = sourcecode.swift; path = SceneDelegate.swift; sourceTree = "<group>"; };
		06DCEC14279FDC9E000E3255 /* HomeController.swift */ = {isa = PBXFileReference; lastKnownFileType = sourcecode.swift; path = HomeController.swift; sourceTree = "<group>"; };
		06DCEC17279FDC9E000E3255 /* Base */ = {isa = PBXFileReference; lastKnownFileType = file.storyboard; name = Base; path = Base.lproj/Main.storyboard; sourceTree = "<group>"; };
		06DCEC19279FDCA0000E3255 /* Assets.xcassets */ = {isa = PBXFileReference; lastKnownFileType = folder.assetcatalog; path = Assets.xcassets; sourceTree = "<group>"; };
		06DCEC1C279FDCA0000E3255 /* Base */ = {isa = PBXFileReference; lastKnownFileType = file.storyboard; name = Base; path = Base.lproj/LaunchScreen.storyboard; sourceTree = "<group>"; };
		06DCEC1E279FDCA0000E3255 /* Info.plist */ = {isa = PBXFileReference; lastKnownFileType = text.plist.xml; path = Info.plist; sourceTree = "<group>"; };
/* End PBXFileReference section */

/* Begin PBXFrameworksBuildPhase section */
		06DCEC0A279FDC9E000E3255 /* Frameworks */ = {
			isa = PBXFrameworksBuildPhase;
			buildActionMask = 2147483647;
			files = (
			);
			runOnlyForDeploymentPostprocessing = 0;
		};
/* End PBXFrameworksBuildPhase section */

/* Begin PBXGroup section */
		06C2383127A0C7F200CF4A13 /* Utilities */ = {
			isa = PBXGroup;
			children = (
				06C2383227A0C80200CF4A13 /* Constants.swift */,
			);
			path = Utilities;
			sourceTree = "<group>";
		};
		06C2383627A15B1000CF4A13 /* Model */ = {
			isa = PBXGroup;
			children = (
				06C2383727A15B1E00CF4A13 /* Word.swift */,
				0639A2E727A40FFF009EFC83 /* HomeStat.swift */,
			);
			path = Model;
			sourceTree = "<group>";
		};
		06C2383927A15BC700CF4A13 /* Dev */ = {
			isa = PBXGroup;
			children = (
				06C2383A27A15BD600CF4A13 /* DummyWords.swift */,
			);
			path = Dev;
			sourceTree = "<group>";
		};
		06DCEC04279FDC9E000E3255 = {
			isa = PBXGroup;
			children = (
				06DCEC0F279FDC9E000E3255 /* schedule_words */,
				06DCEC0E279FDC9E000E3255 /* Products */,
			);
			sourceTree = "<group>";
		};
		06DCEC0E279FDC9E000E3255 /* Products */ = {
			isa = PBXGroup;
			children = (
				06DCEC0D279FDC9E000E3255 /* schedule_words.app */,
			);
			name = Products;
			sourceTree = "<group>";
		};
		06DCEC0F279FDC9E000E3255 /* schedule_words */ = {
			isa = PBXGroup;
			children = (
				06C2383927A15BC700CF4A13 /* Dev */,
				06C2383627A15B1000CF4A13 /* Model */,
				06C2383127A0C7F200CF4A13 /* Utilities */,
				06DCEC27279FDD07000E3255 /* API */,
				06DCEC26279FDCFB000E3255 /* ViewModel */,
				06DCEC25279FDCEF000E3255 /* View */,
				06DCEC24279FDCE1000E3255 /* Controller */,
				06DCEC10279FDC9E000E3255 /* AppDelegate.swift */,
				06DCEC12279FDC9E000E3255 /* SceneDelegate.swift */,
				06DCEC16279FDC9E000E3255 /* Main.storyboard */,
				06DCEC19279FDCA0000E3255 /* Assets.xcassets */,
				06DCEC1B279FDCA0000E3255 /* LaunchScreen.storyboard */,
				06DCEC1E279FDCA0000E3255 /* Info.plist */,
			);
			path = schedule_words;
			sourceTree = "<group>";
		};
		06DCEC24279FDCE1000E3255 /* Controller */ = {
			isa = PBXGroup;
			children = (
				06DCEC14279FDC9E000E3255 /* HomeController.swift */,
				06C2382D27A0C3D800CF4A13 /* ListTestController.swift */,
			);
			path = Controller;
			sourceTree = "<group>";
		};
		06DCEC25279FDCEF000E3255 /* View */ = {
			isa = PBXGroup;
			children = (
				06C2382F27A0C5C100CF4A13 /* ListTestCell.swift */,
				06C2383427A0E85B00CF4A13 /* TestScoreBoard.swift */,
				0639A2E527A4008E009EFC83 /* HomeStatusView.swift */,
			);
			path = View;
			sourceTree = "<group>";
		};
		06DCEC26279FDCFB000E3255 /* ViewModel */ = {
			isa = PBXGroup;
			children = (
				06C2383C27A164D800CF4A13 /* ListTestViewModel.swift */,
				06C2383E27A1692100CF4A13 /* ListTestCellViewModel.swift */,
			);
			path = ViewModel;
			sourceTree = "<group>";
		};
		06DCEC27279FDD07000E3255 /* API */ = {
			isa = PBXGroup;
			children = (
			);
			path = API;
			sourceTree = "<group>";
		};
/* End PBXGroup section */

/* Begin PBXNativeTarget section */
		06DCEC0C279FDC9E000E3255 /* schedule_words */ = {
			isa = PBXNativeTarget;
			buildConfigurationList = 06DCEC21279FDCA0000E3255 /* Build configuration list for PBXNativeTarget "schedule_words" */;
			buildPhases = (
				06DCEC09279FDC9E000E3255 /* Sources */,
				06DCEC0A279FDC9E000E3255 /* Frameworks */,
				06DCEC0B279FDC9E000E3255 /* Resources */,
			);
			buildRules = (
			);
			dependencies = (
			);
			name = schedule_words;
			productName = schedule_words;
			productReference = 06DCEC0D279FDC9E000E3255 /* schedule_words.app */;
			productType = "com.apple.product-type.application";
		};
/* End PBXNativeTarget section */

/* Begin PBXProject section */
		06DCEC05279FDC9E000E3255 /* Project object */ = {
			isa = PBXProject;
			attributes = {
				BuildIndependentTargetsInParallel = 1;
				LastSwiftUpdateCheck = 1320;
				LastUpgradeCheck = 1320;
				TargetAttributes = {
					06DCEC0C279FDC9E000E3255 = {
						CreatedOnToolsVersion = 13.2.1;
					};
				};
			};
			buildConfigurationList = 06DCEC08279FDC9E000E3255 /* Build configuration list for PBXProject "schedule_words" */;
			compatibilityVersion = "Xcode 13.0";
			developmentRegion = en;
			hasScannedForEncodings = 0;
			knownRegions = (
				en,
				Base,
			);
			mainGroup = 06DCEC04279FDC9E000E3255;
			productRefGroup = 06DCEC0E279FDC9E000E3255 /* Products */;
			projectDirPath = "";
			projectRoot = "";
			targets = (
				06DCEC0C279FDC9E000E3255 /* schedule_words */,
			);
		};
/* End PBXProject section */

/* Begin PBXResourcesBuildPhase section */
		06DCEC0B279FDC9E000E3255 /* Resources */ = {
			isa = PBXResourcesBuildPhase;
			buildActionMask = 2147483647;
			files = (
				06DCEC1D279FDCA0000E3255 /* LaunchScreen.storyboard in Resources */,
				06DCEC1A279FDCA0000E3255 /* Assets.xcassets in Resources */,
				06DCEC18279FDC9E000E3255 /* Main.storyboard in Resources */,
			);
			runOnlyForDeploymentPostprocessing = 0;
		};
/* End PBXResourcesBuildPhase section */

/* Begin PBXSourcesBuildPhase section */
		06DCEC09279FDC9E000E3255 /* Sources */ = {
			isa = PBXSourcesBuildPhase;
			buildActionMask = 2147483647;
			files = (
				06C2383D27A164D800CF4A13 /* ListTestViewModel.swift in Sources */,
				06DCEC15279FDC9E000E3255 /* HomeController.swift in Sources */,
				06C2383827A15B1E00CF4A13 /* Word.swift in Sources */,
				06C2383527A0E85B00CF4A13 /* TestScoreBoard.swift in Sources */,
				06DCEC11279FDC9E000E3255 /* AppDelegate.swift in Sources */,
				06C2383B27A15BD600CF4A13 /* DummyWords.swift in Sources */,
				06C2383027A0C5C100CF4A13 /* ListTestCell.swift in Sources */,
				0639A2E827A40FFF009EFC83 /* HomeStat.swift in Sources */,
				0639A2E627A4008E009EFC83 /* HomeStatusView.swift in Sources */,
				06C2382E27A0C3D800CF4A13 /* ListTestController.swift in Sources */,
				06C2383F27A1692100CF4A13 /* ListTestCellViewModel.swift in Sources */,
				06DCEC13279FDC9E000E3255 /* SceneDelegate.swift in Sources */,
				06C2383327A0C80200CF4A13 /* Constants.swift in Sources */,
			);
			runOnlyForDeploymentPostprocessing = 0;
		};
/* End PBXSourcesBuildPhase section */

/* Begin PBXVariantGroup section */
		06DCEC16279FDC9E000E3255 /* Main.storyboard */ = {
			isa = PBXVariantGroup;
			children = (
				06DCEC17279FDC9E000E3255 /* Base */,
			);
			name = Main.storyboard;
			sourceTree = "<group>";
		};
		06DCEC1B279FDCA0000E3255 /* LaunchScreen.storyboard */ = {
			isa = PBXVariantGroup;
			children = (
				06DCEC1C279FDCA0000E3255 /* Base */,
			);
			name = LaunchScreen.storyboard;
			sourceTree = "<group>";
		};
/* End PBXVariantGroup section */

/* Begin XCBuildConfiguration section */
		06DCEC1F279FDCA0000E3255 /* Debug */ = {
			isa = XCBuildConfiguration;
			buildSettings = {
				ALWAYS_SEARCH_USER_PATHS = NO;
				CLANG_ANALYZER_NONNULL = YES;
				CLANG_ANALYZER_NUMBER_OBJECT_CONVERSION = YES_AGGRESSIVE;
				CLANG_CXX_LANGUAGE_STANDARD = "gnu++17";
				CLANG_CXX_LIBRARY = "libc++";
				CLANG_ENABLE_MODULES = YES;
				CLANG_ENABLE_OBJC_ARC = YES;
				CLANG_ENABLE_OBJC_WEAK = YES;
				CLANG_WARN_BLOCK_CAPTURE_AUTORELEASING = YES;
				CLANG_WARN_BOOL_CONVERSION = YES;
				CLANG_WARN_COMMA = YES;
				CLANG_WARN_CONSTANT_CONVERSION = YES;
				CLANG_WARN_DEPRECATED_OBJC_IMPLEMENTATIONS = YES;
				CLANG_WARN_DIRECT_OBJC_ISA_USAGE = YES_ERROR;
				CLANG_WARN_DOCUMENTATION_COMMENTS = YES;
				CLANG_WARN_EMPTY_BODY = YES;
				CLANG_WARN_ENUM_CONVERSION = YES;
				CLANG_WARN_INFINITE_RECURSION = YES;
				CLANG_WARN_INT_CONVERSION = YES;
				CLANG_WARN_NON_LITERAL_NULL_CONVERSION = YES;
				CLANG_WARN_OBJC_IMPLICIT_RETAIN_SELF = YES;
				CLANG_WARN_OBJC_LITERAL_CONVERSION = YES;
				CLANG_WARN_OBJC_ROOT_CLASS = YES_ERROR;
				CLANG_WARN_QUOTED_INCLUDE_IN_FRAMEWORK_HEADER = YES;
				CLANG_WARN_RANGE_LOOP_ANALYSIS = YES;
				CLANG_WARN_STRICT_PROTOTYPES = YES;
				CLANG_WARN_SUSPICIOUS_MOVE = YES;
				CLANG_WARN_UNGUARDED_AVAILABILITY = YES_AGGRESSIVE;
				CLANG_WARN_UNREACHABLE_CODE = YES;
				CLANG_WARN__DUPLICATE_METHOD_MATCH = YES;
				COPY_PHASE_STRIP = NO;
				DEBUG_INFORMATION_FORMAT = dwarf;
				ENABLE_STRICT_OBJC_MSGSEND = YES;
				ENABLE_TESTABILITY = YES;
				GCC_C_LANGUAGE_STANDARD = gnu11;
				GCC_DYNAMIC_NO_PIC = NO;
				GCC_NO_COMMON_BLOCKS = YES;
				GCC_OPTIMIZATION_LEVEL = 0;
				GCC_PREPROCESSOR_DEFINITIONS = (
					"DEBUG=1",
					"$(inherited)",
				);
				GCC_WARN_64_TO_32_BIT_CONVERSION = YES;
				GCC_WARN_ABOUT_RETURN_TYPE = YES_ERROR;
				GCC_WARN_UNDECLARED_SELECTOR = YES;
				GCC_WARN_UNINITIALIZED_AUTOS = YES_AGGRESSIVE;
				GCC_WARN_UNUSED_FUNCTION = YES;
				GCC_WARN_UNUSED_VARIABLE = YES;
				IPHONEOS_DEPLOYMENT_TARGET = 15.2;
				MTL_ENABLE_DEBUG_INFO = INCLUDE_SOURCE;
				MTL_FAST_MATH = YES;
				ONLY_ACTIVE_ARCH = YES;
				SDKROOT = iphoneos;
				SWIFT_ACTIVE_COMPILATION_CONDITIONS = DEBUG;
				SWIFT_OPTIMIZATION_LEVEL = "-Onone";
			};
			name = Debug;
		};
		06DCEC20279FDCA0000E3255 /* Release */ = {
			isa = XCBuildConfiguration;
			buildSettings = {
				ALWAYS_SEARCH_USER_PATHS = NO;
				CLANG_ANALYZER_NONNULL = YES;
				CLANG_ANALYZER_NUMBER_OBJECT_CONVERSION = YES_AGGRESSIVE;
				CLANG_CXX_LANGUAGE_STANDARD = "gnu++17";
				CLANG_CXX_LIBRARY = "libc++";
				CLANG_ENABLE_MODULES = YES;
				CLANG_ENABLE_OBJC_ARC = YES;
				CLANG_ENABLE_OBJC_WEAK = YES;
				CLANG_WARN_BLOCK_CAPTURE_AUTORELEASING = YES;
				CLANG_WARN_BOOL_CONVERSION = YES;
				CLANG_WARN_COMMA = YES;
				CLANG_WARN_CONSTANT_CONVERSION = YES;
				CLANG_WARN_DEPRECATED_OBJC_IMPLEMENTATIONS = YES;
				CLANG_WARN_DIRECT_OBJC_ISA_USAGE = YES_ERROR;
				CLANG_WARN_DOCUMENTATION_COMMENTS = YES;
				CLANG_WARN_EMPTY_BODY = YES;
				CLANG_WARN_ENUM_CONVERSION = YES;
				CLANG_WARN_INFINITE_RECURSION = YES;
				CLANG_WARN_INT_CONVERSION = YES;
				CLANG_WARN_NON_LITERAL_NULL_CONVERSION = YES;
				CLANG_WARN_OBJC_IMPLICIT_RETAIN_SELF = YES;
				CLANG_WARN_OBJC_LITERAL_CONVERSION = YES;
				CLANG_WARN_OBJC_ROOT_CLASS = YES_ERROR;
				CLANG_WARN_QUOTED_INCLUDE_IN_FRAMEWORK_HEADER = YES;
				CLANG_WARN_RANGE_LOOP_ANALYSIS = YES;
				CLANG_WARN_STRICT_PROTOTYPES = YES;
				CLANG_WARN_SUSPICIOUS_MOVE = YES;
				CLANG_WARN_UNGUARDED_AVAILABILITY = YES_AGGRESSIVE;
				CLANG_WARN_UNREACHABLE_CODE = YES;
				CLANG_WARN__DUPLICATE_METHOD_MATCH = YES;
				COPY_PHASE_STRIP = NO;
				DEBUG_INFORMATION_FORMAT = "dwarf-with-dsym";
				ENABLE_NS_ASSERTIONS = NO;
				ENABLE_STRICT_OBJC_MSGSEND = YES;
				GCC_C_LANGUAGE_STANDARD = gnu11;
				GCC_NO_COMMON_BLOCKS = YES;
				GCC_WARN_64_TO_32_BIT_CONVERSION = YES;
				GCC_WARN_ABOUT_RETURN_TYPE = YES_ERROR;
				GCC_WARN_UNDECLARED_SELECTOR = YES;
				GCC_WARN_UNINITIALIZED_AUTOS = YES_AGGRESSIVE;
				GCC_WARN_UNUSED_FUNCTION = YES;
				GCC_WARN_UNUSED_VARIABLE = YES;
				IPHONEOS_DEPLOYMENT_TARGET = 15.2;
				MTL_ENABLE_DEBUG_INFO = NO;
				MTL_FAST_MATH = YES;
				SDKROOT = iphoneos;
				SWIFT_COMPILATION_MODE = wholemodule;
				SWIFT_OPTIMIZATION_LEVEL = "-O";
				VALIDATE_PRODUCT = YES;
			};
			name = Release;
		};
		06DCEC22279FDCA0000E3255 /* Debug */ = {
			isa = XCBuildConfiguration;
			buildSettings = {
				ASSETCATALOG_COMPILER_APPICON_NAME = AppIcon;
				ASSETCATALOG_COMPILER_GLOBAL_ACCENT_COLOR_NAME = AccentColor;
				CODE_SIGN_STYLE = Automatic;
				CURRENT_PROJECT_VERSION = 1;
				DEVELOPMENT_TEAM = ZX72355299;
				GENERATE_INFOPLIST_FILE = YES;
				INFOPLIST_FILE = schedule_words/Info.plist;
				INFOPLIST_KEY_UIApplicationSupportsIndirectInputEvents = YES;
				INFOPLIST_KEY_UILaunchStoryboardName = LaunchScreen;
				INFOPLIST_KEY_UIMainStoryboardFile = Main;
				INFOPLIST_KEY_UISupportedInterfaceOrientations_iPad = "UIInterfaceOrientationPortrait UIInterfaceOrientationPortraitUpsideDown UIInterfaceOrientationLandscapeLeft UIInterfaceOrientationLandscapeRight";
				INFOPLIST_KEY_UISupportedInterfaceOrientations_iPhone = "UIInterfaceOrientationPortrait UIInterfaceOrientationLandscapeLeft UIInterfaceOrientationLandscapeRight";
				LD_RUNPATH_SEARCH_PATHS = (
					"$(inherited)",
					"@executable_path/Frameworks",
				);
				MARKETING_VERSION = 1.0;
				PRODUCT_BUNDLE_IDENTIFIER = "JW.schedule-words";
				PRODUCT_NAME = "$(TARGET_NAME)";
				SWIFT_EMIT_LOC_STRINGS = YES;
				SWIFT_VERSION = 5.0;
				TARGETED_DEVICE_FAMILY = "1,2";
			};
			name = Debug;
		};
		06DCEC23279FDCA0000E3255 /* Release */ = {
			isa = XCBuildConfiguration;
			buildSettings = {
				ASSETCATALOG_COMPILER_APPICON_NAME = AppIcon;
				ASSETCATALOG_COMPILER_GLOBAL_ACCENT_COLOR_NAME = AccentColor;
				CODE_SIGN_STYLE = Automatic;
				CURRENT_PROJECT_VERSION = 1;
				DEVELOPMENT_TEAM = ZX72355299;
				GENERATE_INFOPLIST_FILE = YES;
				INFOPLIST_FILE = schedule_words/Info.plist;
				INFOPLIST_KEY_UIApplicationSupportsIndirectInputEvents = YES;
				INFOPLIST_KEY_UILaunchStoryboardName = LaunchScreen;
				INFOPLIST_KEY_UIMainStoryboardFile = Main;
				INFOPLIST_KEY_UISupportedInterfaceOrientations_iPad = "UIInterfaceOrientationPortrait UIInterfaceOrientationPortraitUpsideDown UIInterfaceOrientationLandscapeLeft UIInterfaceOrientationLandscapeRight";
				INFOPLIST_KEY_UISupportedInterfaceOrientations_iPhone = "UIInterfaceOrientationPortrait UIInterfaceOrientationLandscapeLeft UIInterfaceOrientationLandscapeRight";
				LD_RUNPATH_SEARCH_PATHS = (
					"$(inherited)",
					"@executable_path/Frameworks",
				);
				MARKETING_VERSION = 1.0;
				PRODUCT_BUNDLE_IDENTIFIER = "JW.schedule-words";
				PRODUCT_NAME = "$(TARGET_NAME)";
				SWIFT_EMIT_LOC_STRINGS = YES;
				SWIFT_VERSION = 5.0;
				TARGETED_DEVICE_FAMILY = "1,2";
			};
			name = Release;
		};
/* End XCBuildConfiguration section */

/* Begin XCConfigurationList section */
		06DCEC08279FDC9E000E3255 /* Build configuration list for PBXProject "schedule_words" */ = {
			isa = XCConfigurationList;
			buildConfigurations = (
				06DCEC1F279FDCA0000E3255 /* Debug */,
				06DCEC20279FDCA0000E3255 /* Release */,
			);
			defaultConfigurationIsVisible = 0;
			defaultConfigurationName = Release;
		};
		06DCEC21279FDCA0000E3255 /* Build configuration list for PBXNativeTarget "schedule_words" */ = {
			isa = XCConfigurationList;
			buildConfigurations = (
				06DCEC22279FDCA0000E3255 /* Debug */,
				06DCEC23279FDCA0000E3255 /* Release */,
			);
			defaultConfigurationIsVisible = 0;
			defaultConfigurationName = Release;
		};
/* End XCConfigurationList section */
	};
	rootObject = 06DCEC05279FDC9E000E3255 /* Project object */;
}
